// !$*UTF8*$!
{
	archiveVersion = 1;
	classes = {
	};
	objectVersion = 55;
	objects = {

/* Begin PBXBuildFile section */
		2EA2E6B80FC06680361F5D68 /* Pods_SocialLoginSample.framework in Frameworks */ = {isa = PBXBuildFile; fileRef = EC4E7E36E79FCA1A0430E203 /* Pods_SocialLoginSample.framework */; };
		D817B5F7283F143B00341AF0 /* AppDelegate.swift in Sources */ = {isa = PBXBuildFile; fileRef = D817B5F6283F143B00341AF0 /* AppDelegate.swift */; };
		D817B5FB283F143B00341AF0 /* ViewController.swift in Sources */ = {isa = PBXBuildFile; fileRef = D817B5FA283F143B00341AF0 /* ViewController.swift */; };
		D817B5FE283F143B00341AF0 /* Main.storyboard in Resources */ = {isa = PBXBuildFile; fileRef = D817B5FC283F143B00341AF0 /* Main.storyboard */; };
		D817B600283F143C00341AF0 /* Assets.xcassets in Resources */ = {isa = PBXBuildFile; fileRef = D817B5FF283F143C00341AF0 /* Assets.xcassets */; };
		D817B603283F143C00341AF0 /* LaunchScreen.storyboard in Resources */ = {isa = PBXBuildFile; fileRef = D817B601283F143C00341AF0 /* LaunchScreen.storyboard */; };
		D817B60B283F188E00341AF0 /* GoogleService-Info.plist in Resources */ = {isa = PBXBuildFile; fileRef = D817B60A283F188E00341AF0 /* GoogleService-Info.plist */; };
		D817B60F283F1A5900341AF0 /* LoginViewController.swift in Sources */ = {isa = PBXBuildFile; fileRef = D817B60E283F1A5900341AF0 /* LoginViewController.swift */; };
		D817B611283F1ECA00341AF0 /* EmailViewController.swift in Sources */ = {isa = PBXBuildFile; fileRef = D817B610283F1ECA00341AF0 /* EmailViewController.swift */; };
		D817B613283F1F1600341AF0 /* LoginManager.swift in Sources */ = {isa = PBXBuildFile; fileRef = D817B612283F1F1600341AF0 /* LoginManager.swift */; };
		D817B615283F397A00341AF0 /* UIVewEx.swift in Sources */ = {isa = PBXBuildFile; fileRef = D817B614283F397A00341AF0 /* UIVewEx.swift */; };
		D817B618283F40EE00341AF0 /* StringEx.swift in Sources */ = {isa = PBXBuildFile; fileRef = D817B617283F40EE00341AF0 /* StringEx.swift */; };
/* End PBXBuildFile section */

/* Begin PBXFileReference section */
		832AB07911D586EE7EC8C2CC /* Pods-SocialLoginSample.release.xcconfig */ = {isa = PBXFileReference; includeInIndex = 1; lastKnownFileType = text.xcconfig; name = "Pods-SocialLoginSample.release.xcconfig"; path = "Target Support Files/Pods-SocialLoginSample/Pods-SocialLoginSample.release.xcconfig"; sourceTree = "<group>"; };
		CDEBA67ADE7DE7E12E09309D /* Pods-SocialLoginSample.debug.xcconfig */ = {isa = PBXFileReference; includeInIndex = 1; lastKnownFileType = text.xcconfig; name = "Pods-SocialLoginSample.debug.xcconfig"; path = "Target Support Files/Pods-SocialLoginSample/Pods-SocialLoginSample.debug.xcconfig"; sourceTree = "<group>"; };
		D817B5F3283F143B00341AF0 /* SocialLoginSample.app */ = {isa = PBXFileReference; explicitFileType = wrapper.application; includeInIndex = 0; path = SocialLoginSample.app; sourceTree = BUILT_PRODUCTS_DIR; };
		D817B5F6283F143B00341AF0 /* AppDelegate.swift */ = {isa = PBXFileReference; lastKnownFileType = sourcecode.swift; path = AppDelegate.swift; sourceTree = "<group>"; };
		D817B5FA283F143B00341AF0 /* ViewController.swift */ = {isa = PBXFileReference; lastKnownFileType = sourcecode.swift; path = ViewController.swift; sourceTree = "<group>"; };
		D817B5FD283F143B00341AF0 /* Base */ = {isa = PBXFileReference; lastKnownFileType = file.storyboard; name = Base; path = Base.lproj/Main.storyboard; sourceTree = "<group>"; };
		D817B5FF283F143C00341AF0 /* Assets.xcassets */ = {isa = PBXFileReference; lastKnownFileType = folder.assetcatalog; path = Assets.xcassets; sourceTree = "<group>"; };
		D817B602283F143C00341AF0 /* Base */ = {isa = PBXFileReference; lastKnownFileType = file.storyboard; name = Base; path = Base.lproj/LaunchScreen.storyboard; sourceTree = "<group>"; };
		D817B604283F143C00341AF0 /* Info.plist */ = {isa = PBXFileReference; lastKnownFileType = text.plist.xml; path = Info.plist; sourceTree = "<group>"; };
		D817B60A283F188E00341AF0 /* GoogleService-Info.plist */ = {isa = PBXFileReference; fileEncoding = 4; lastKnownFileType = text.plist.xml; path = "GoogleService-Info.plist"; sourceTree = "<group>"; };
		D817B60E283F1A5900341AF0 /* LoginViewController.swift */ = {isa = PBXFileReference; lastKnownFileType = sourcecode.swift; path = LoginViewController.swift; sourceTree = "<group>"; };
		D817B610283F1ECA00341AF0 /* EmailViewController.swift */ = {isa = PBXFileReference; lastKnownFileType = sourcecode.swift; path = EmailViewController.swift; sourceTree = "<group>"; };
		D817B612283F1F1600341AF0 /* LoginManager.swift */ = {isa = PBXFileReference; lastKnownFileType = sourcecode.swift; path = LoginManager.swift; sourceTree = "<group>"; };
		D817B614283F397A00341AF0 /* UIVewEx.swift */ = {isa = PBXFileReference; lastKnownFileType = sourcecode.swift; path = UIVewEx.swift; sourceTree = "<group>"; };
		D817B617283F40EE00341AF0 /* StringEx.swift */ = {isa = PBXFileReference; lastKnownFileType = sourcecode.swift; path = StringEx.swift; sourceTree = "<group>"; };
		D88F4BBD283F49E400B9097F /* SocialLoginSample.entitlements */ = {isa = PBXFileReference; lastKnownFileType = text.plist.entitlements; path = SocialLoginSample.entitlements; sourceTree = "<group>"; };
		EC4E7E36E79FCA1A0430E203 /* Pods_SocialLoginSample.framework */ = {isa = PBXFileReference; explicitFileType = wrapper.framework; includeInIndex = 0; path = Pods_SocialLoginSample.framework; sourceTree = BUILT_PRODUCTS_DIR; };
/* End PBXFileReference section */

/* Begin PBXFrameworksBuildPhase section */
		D817B5F0283F143B00341AF0 /* Frameworks */ = {
			isa = PBXFrameworksBuildPhase;
			buildActionMask = 2147483647;
			files = (
				2EA2E6B80FC06680361F5D68 /* Pods_SocialLoginSample.framework in Frameworks */,
			);
			runOnlyForDeploymentPostprocessing = 0;
		};
/* End PBXFrameworksBuildPhase section */

/* Begin PBXGroup section */
		9D0E0BF69140D9E8691BDC6F /* Pods */ = {
			isa = PBXGroup;
			children = (
				CDEBA67ADE7DE7E12E09309D /* Pods-SocialLoginSample.debug.xcconfig */,
				832AB07911D586EE7EC8C2CC /* Pods-SocialLoginSample.release.xcconfig */,
			);
			path = Pods;
			sourceTree = "<group>";
		};
		B5FECA4350091F331B4E080A /* Frameworks */ = {
			isa = PBXGroup;
			children = (
				EC4E7E36E79FCA1A0430E203 /* Pods_SocialLoginSample.framework */,
			);
			name = Frameworks;
			sourceTree = "<group>";
		};
		D817B5EA283F143B00341AF0 = {
			isa = PBXGroup;
			children = (
				D817B5F5283F143B00341AF0 /* SocialLoginSample */,
				D817B5F4283F143B00341AF0 /* Products */,
				9D0E0BF69140D9E8691BDC6F /* Pods */,
				B5FECA4350091F331B4E080A /* Frameworks */,
			);
			sourceTree = "<group>";
		};
		D817B5F4283F143B00341AF0 /* Products */ = {
			isa = PBXGroup;
			children = (
				D817B5F3283F143B00341AF0 /* SocialLoginSample.app */,
			);
			name = Products;
			sourceTree = "<group>";
		};
		D817B5F5283F143B00341AF0 /* SocialLoginSample */ = {
			isa = PBXGroup;
			children = (
				D88F4BBD283F49E400B9097F /* SocialLoginSample.entitlements */,
				D817B616283F398600341AF0 /* Extention */,
				D817B619283F41D300341AF0 /* ViewController */,
				D817B5F6283F143B00341AF0 /* AppDelegate.swift */,
				D817B612283F1F1600341AF0 /* LoginManager.swift */,
				D817B5FC283F143B00341AF0 /* Main.storyboard */,
				D817B5FF283F143C00341AF0 /* Assets.xcassets */,
				D817B601283F143C00341AF0 /* LaunchScreen.storyboard */,
				D817B60A283F188E00341AF0 /* GoogleService-Info.plist */,
				D817B604283F143C00341AF0 /* Info.plist */,
			);
			path = SocialLoginSample;
			sourceTree = "<group>";
		};
		D817B616283F398600341AF0 /* Extention */ = {
			isa = PBXGroup;
			children = (
				D817B614283F397A00341AF0 /* UIVewEx.swift */,
				D817B617283F40EE00341AF0 /* StringEx.swift */,
			);
			path = Extention;
			sourceTree = "<group>";
		};
		D817B619283F41D300341AF0 /* ViewController */ = {
			isa = PBXGroup;
			children = (
				D817B5FA283F143B00341AF0 /* ViewController.swift */,
				D817B60E283F1A5900341AF0 /* LoginViewController.swift */,
				D817B610283F1ECA00341AF0 /* EmailViewController.swift */,
			);
			path = ViewController;
			sourceTree = "<group>";
		};
/* End PBXGroup section */

/* Begin PBXNativeTarget section */
		D817B5F2283F143B00341AF0 /* SocialLoginSample */ = {
			isa = PBXNativeTarget;
			buildConfigurationList = D817B607283F143C00341AF0 /* Build configuration list for PBXNativeTarget "SocialLoginSample" */;
			buildPhases = (
				0FFED8959102571F93701114 /* [CP] Check Pods Manifest.lock */,
				D817B5EF283F143B00341AF0 /* Sources */,
				D817B5F0283F143B00341AF0 /* Frameworks */,
				D817B5F1283F143B00341AF0 /* Resources */,
				A81B87CF6BA6A35576276C90 /* [CP] Embed Pods Frameworks */,
			);
			buildRules = (
			);
			dependencies = (
			);
			name = SocialLoginSample;
			productName = SocialLoginSample;
			productReference = D817B5F3283F143B00341AF0 /* SocialLoginSample.app */;
			productType = "com.apple.product-type.application";
		};
/* End PBXNativeTarget section */

/* Begin PBXProject section */
		D817B5EB283F143B00341AF0 /* Project object */ = {
			isa = PBXProject;
			attributes = {
				BuildIndependentTargetsInParallel = 1;
				LastSwiftUpdateCheck = 1330;
				LastUpgradeCheck = 1330;
				TargetAttributes = {
					D817B5F2283F143B00341AF0 = {
						CreatedOnToolsVersion = 13.3.1;
					};
				};
			};
			buildConfigurationList = D817B5EE283F143B00341AF0 /* Build configuration list for PBXProject "SocialLoginSample" */;
			compatibilityVersion = "Xcode 13.0";
			developmentRegion = en;
			hasScannedForEncodings = 0;
			knownRegions = (
				en,
				Base,
			);
			mainGroup = D817B5EA283F143B00341AF0;
			productRefGroup = D817B5F4283F143B00341AF0 /* Products */;
			projectDirPath = "";
			projectRoot = "";
			targets = (
				D817B5F2283F143B00341AF0 /* SocialLoginSample */,
			);
		};
/* End PBXProject section */

/* Begin PBXResourcesBuildPhase section */
		D817B5F1283F143B00341AF0 /* Resources */ = {
			isa = PBXResourcesBuildPhase;
			buildActionMask = 2147483647;
			files = (
				D817B603283F143C00341AF0 /* LaunchScreen.storyboard in Resources */,
				D817B60B283F188E00341AF0 /* GoogleService-Info.plist in Resources */,
				D817B600283F143C00341AF0 /* Assets.xcassets in Resources */,
				D817B5FE283F143B00341AF0 /* Main.storyboard in Resources */,
			);
			runOnlyForDeploymentPostprocessing = 0;
		};
/* End PBXResourcesBuildPhase section */

/* Begin PBXShellScriptBuildPhase section */
		0FFED8959102571F93701114 /* [CP] Check Pods Manifest.lock */ = {
			isa = PBXShellScriptBuildPhase;
			buildActionMask = 2147483647;
			files = (
			);
			inputFileListPaths = (
			);
			inputPaths = (
				"${PODS_PODFILE_DIR_PATH}/Podfile.lock",
				"${PODS_ROOT}/Manifest.lock",
			);
			name = "[CP] Check Pods Manifest.lock";
			outputFileListPaths = (
			);
			outputPaths = (
				"$(DERIVED_FILE_DIR)/Pods-SocialLoginSample-checkManifestLockResult.txt",
			);
			runOnlyForDeploymentPostprocessing = 0;
			shellPath = /bin/sh;
			shellScript = "diff \"${PODS_PODFILE_DIR_PATH}/Podfile.lock\" \"${PODS_ROOT}/Manifest.lock\" > /dev/null\nif [ $? != 0 ] ; then\n    # print error to STDERR\n    echo \"error: The sandbox is not in sync with the Podfile.lock. Run 'pod install' or update your CocoaPods installation.\" >&2\n    exit 1\nfi\n# This output is used by Xcode 'outputs' to avoid re-running this script phase.\necho \"SUCCESS\" > \"${SCRIPT_OUTPUT_FILE_0}\"\n";
			showEnvVarsInLog = 0;
		};
		A81B87CF6BA6A35576276C90 /* [CP] Embed Pods Frameworks */ = {
			isa = PBXShellScriptBuildPhase;
			buildActionMask = 2147483647;
			files = (
			);
			inputFileListPaths = (
				"${PODS_ROOT}/Target Support Files/Pods-SocialLoginSample/Pods-SocialLoginSample-frameworks-${CONFIGURATION}-input-files.xcfilelist",
			);
			name = "[CP] Embed Pods Frameworks";
			outputFileListPaths = (
				"${PODS_ROOT}/Target Support Files/Pods-SocialLoginSample/Pods-SocialLoginSample-frameworks-${CONFIGURATION}-output-files.xcfilelist",
			);
			runOnlyForDeploymentPostprocessing = 0;
			shellPath = /bin/sh;
			shellScript = "\"${PODS_ROOT}/Target Support Files/Pods-SocialLoginSample/Pods-SocialLoginSample-frameworks.sh\"\n";
			showEnvVarsInLog = 0;
		};
/* End PBXShellScriptBuildPhase section */

/* Begin PBXSourcesBuildPhase section */
		D817B5EF283F143B00341AF0 /* Sources */ = {
			isa = PBXSourcesBuildPhase;
			buildActionMask = 2147483647;
			files = (
				D817B613283F1F1600341AF0 /* LoginManager.swift in Sources */,
				D817B60F283F1A5900341AF0 /* LoginViewController.swift in Sources */,
				D817B5FB283F143B00341AF0 /* ViewController.swift in Sources */,
				D817B618283F40EE00341AF0 /* StringEx.swift in Sources */,
				D817B615283F397A00341AF0 /* UIVewEx.swift in Sources */,
				D817B5F7283F143B00341AF0 /* AppDelegate.swift in Sources */,
				D817B611283F1ECA00341AF0 /* EmailViewController.swift in Sources */,
			);
			runOnlyForDeploymentPostprocessing = 0;
		};
/* End PBXSourcesBuildPhase section */

/* Begin PBXVariantGroup section */
		D817B5FC283F143B00341AF0 /* Main.storyboard */ = {
			isa = PBXVariantGroup;
			children = (
				D817B5FD283F143B00341AF0 /* Base */,
			);
			name = Main.storyboard;
			sourceTree = "<group>";
		};
		D817B601283F143C00341AF0 /* LaunchScreen.storyboard */ = {
			isa = PBXVariantGroup;
			children = (
				D817B602283F143C00341AF0 /* Base */,
			);
			name = LaunchScreen.storyboard;
			sourceTree = "<group>";
		};
/* End PBXVariantGroup section */

/* Begin XCBuildConfiguration section */
		D817B605283F143C00341AF0 /* Debug */ = {
			isa = XCBuildConfiguration;
			buildSettings = {
				ALWAYS_SEARCH_USER_PATHS = NO;
				CLANG_ANALYZER_NONNULL = YES;
				CLANG_ANALYZER_NUMBER_OBJECT_CONVERSION = YES_AGGRESSIVE;
				CLANG_CXX_LANGUAGE_STANDARD = "gnu++17";
				CLANG_ENABLE_MODULES = YES;
				CLANG_ENABLE_OBJC_ARC = YES;
				CLANG_ENABLE_OBJC_WEAK = YES;
				CLANG_WARN_BLOCK_CAPTURE_AUTORELEASING = YES;
				CLANG_WARN_BOOL_CONVERSION = YES;
				CLANG_WARN_COMMA = YES;
				CLANG_WARN_CONSTANT_CONVERSION = YES;
				CLANG_WARN_DEPRECATED_OBJC_IMPLEMENTATIONS = YES;
				CLANG_WARN_DIRECT_OBJC_ISA_USAGE = YES_ERROR;
				CLANG_WARN_DOCUMENTATION_COMMENTS = YES;
				CLANG_WARN_EMPTY_BODY = YES;
				CLANG_WARN_ENUM_CONVERSION = YES;
				CLANG_WARN_INFINITE_RECURSION = YES;
				CLANG_WARN_INT_CONVERSION = YES;
				CLANG_WARN_NON_LITERAL_NULL_CONVERSION = YES;
				CLANG_WARN_OBJC_IMPLICIT_RETAIN_SELF = YES;
				CLANG_WARN_OBJC_LITERAL_CONVERSION = YES;
				CLANG_WARN_OBJC_ROOT_CLASS = YES_ERROR;
				CLANG_WARN_QUOTED_INCLUDE_IN_FRAMEWORK_HEADER = YES;
				CLANG_WARN_RANGE_LOOP_ANALYSIS = YES;
				CLANG_WARN_STRICT_PROTOTYPES = YES;
				CLANG_WARN_SUSPICIOUS_MOVE = YES;
				CLANG_WARN_UNGUARDED_AVAILABILITY = YES_AGGRESSIVE;
				CLANG_WARN_UNREACHABLE_CODE = YES;
				CLANG_WARN__DUPLICATE_METHOD_MATCH = YES;
				COPY_PHASE_STRIP = NO;
				DEBUG_INFORMATION_FORMAT = dwarf;
				ENABLE_STRICT_OBJC_MSGSEND = YES;
				ENABLE_TESTABILITY = YES;
				GCC_C_LANGUAGE_STANDARD = gnu11;
				GCC_DYNAMIC_NO_PIC = NO;
				GCC_NO_COMMON_BLOCKS = YES;
				GCC_OPTIMIZATION_LEVEL = 0;
				GCC_PREPROCESSOR_DEFINITIONS = (
					"DEBUG=1",
					"$(inherited)",
				);
				GCC_WARN_64_TO_32_BIT_CONVERSION = YES;
				GCC_WARN_ABOUT_RETURN_TYPE = YES_ERROR;
				GCC_WARN_UNDECLARED_SELECTOR = YES;
				GCC_WARN_UNINITIALIZED_AUTOS = YES_AGGRESSIVE;
				GCC_WARN_UNUSED_FUNCTION = YES;
				GCC_WARN_UNUSED_VARIABLE = YES;
				IPHONEOS_DEPLOYMENT_TARGET = 15.4;
				MTL_ENABLE_DEBUG_INFO = INCLUDE_SOURCE;
				MTL_FAST_MATH = YES;
				ONLY_ACTIVE_ARCH = YES;
				SDKROOT = iphoneos;
				SWIFT_ACTIVE_COMPILATION_CONDITIONS = DEBUG;
				SWIFT_OPTIMIZATION_LEVEL = "-Onone";
			};
			name = Debug;
		};
		D817B606283F143C00341AF0 /* Release */ = {
			isa = XCBuildConfiguration;
			buildSettings = {
				ALWAYS_SEARCH_USER_PATHS = NO;
				CLANG_ANALYZER_NONNULL = YES;
				CLANG_ANALYZER_NUMBER_OBJECT_CONVERSION = YES_AGGRESSIVE;
				CLANG_CXX_LANGUAGE_STANDARD = "gnu++17";
				CLANG_ENABLE_MODULES = YES;
				CLANG_ENABLE_OBJC_ARC = YES;
				CLANG_ENABLE_OBJC_WEAK = YES;
				CLANG_WARN_BLOCK_CAPTURE_AUTORELEASING = YES;
				CLANG_WARN_BOOL_CONVERSION = YES;
				CLANG_WARN_COMMA = YES;
				CLANG_WARN_CONSTANT_CONVERSION = YES;
				CLANG_WARN_DEPRECATED_OBJC_IMPLEMENTATIONS = YES;
				CLANG_WARN_DIRECT_OBJC_ISA_USAGE = YES_ERROR;
				CLANG_WARN_DOCUMENTATION_COMMENTS = YES;
				CLANG_WARN_EMPTY_BODY = YES;
				CLANG_WARN_ENUM_CONVERSION = YES;
				CLANG_WARN_INFINITE_RECURSION = YES;
				CLANG_WARN_INT_CONVERSION = YES;
				CLANG_WARN_NON_LITERAL_NULL_CONVERSION = YES;
				CLANG_WARN_OBJC_IMPLICIT_RETAIN_SELF = YES;
				CLANG_WARN_OBJC_LITERAL_CONVERSION = YES;
				CLANG_WARN_OBJC_ROOT_CLASS = YES_ERROR;
				CLANG_WARN_QUOTED_INCLUDE_IN_FRAMEWORK_HEADER = YES;
				CLANG_WARN_RANGE_LOOP_ANALYSIS = YES;
				CLANG_WARN_STRICT_PROTOTYPES = YES;
				CLANG_WARN_SUSPICIOUS_MOVE = YES;
				CLANG_WARN_UNGUARDED_AVAILABILITY = YES_AGGRESSIVE;
				CLANG_WARN_UNREACHABLE_CODE = YES;
				CLANG_WARN__DUPLICATE_METHOD_MATCH = YES;
				COPY_PHASE_STRIP = NO;
				DEBUG_INFORMATION_FORMAT = "dwarf-with-dsym";
				ENABLE_NS_ASSERTIONS = NO;
				ENABLE_STRICT_OBJC_MSGSEND = YES;
				GCC_C_LANGUAGE_STANDARD = gnu11;
				GCC_NO_COMMON_BLOCKS = YES;
				GCC_WARN_64_TO_32_BIT_CONVERSION = YES;
				GCC_WARN_ABOUT_RETURN_TYPE = YES_ERROR;
				GCC_WARN_UNDECLARED_SELECTOR = YES;
				GCC_WARN_UNINITIALIZED_AUTOS = YES_AGGRESSIVE;
				GCC_WARN_UNUSED_FUNCTION = YES;
				GCC_WARN_UNUSED_VARIABLE = YES;
				IPHONEOS_DEPLOYMENT_TARGET = 15.4;
				MTL_ENABLE_DEBUG_INFO = NO;
				MTL_FAST_MATH = YES;
				SDKROOT = iphoneos;
				SWIFT_COMPILATION_MODE = wholemodule;
				SWIFT_OPTIMIZATION_LEVEL = "-O";
				VALIDATE_PRODUCT = YES;
			};
			name = Release;
		};
		D817B608283F143C00341AF0 /* Debug */ = {
			isa = XCBuildConfiguration;
			baseConfigurationReference = CDEBA67ADE7DE7E12E09309D /* Pods-SocialLoginSample.debug.xcconfig */;
			buildSettings = {
				ASSETCATALOG_COMPILER_APPICON_NAME = AppIcon;
				ASSETCATALOG_COMPILER_GLOBAL_ACCENT_COLOR_NAME = AccentColor;
				CODE_SIGN_ENTITLEMENTS = SocialLoginSample/SocialLoginSample.entitlements;
				CODE_SIGN_STYLE = Automatic;
				CURRENT_PROJECT_VERSION = 1;
				DEVELOPMENT_TEAM = UBA9LZ8GVL;
				GENERATE_INFOPLIST_FILE = YES;
				INFOPLIST_FILE = SocialLoginSample/Info.plist;
				INFOPLIST_KEY_UIApplicationSupportsIndirectInputEvents = YES;
				INFOPLIST_KEY_UILaunchStoryboardName = LaunchScreen;
				INFOPLIST_KEY_UIMainStoryboardFile = Main;
				INFOPLIST_KEY_UISupportedInterfaceOrientations_iPad = "UIInterfaceOrientationPortrait UIInterfaceOrientationPortraitUpsideDown UIInterfaceOrientationLandscapeLeft UIInterfaceOrientationLandscapeRight";
				INFOPLIST_KEY_UISupportedInterfaceOrientations_iPhone = "UIInterfaceOrientationPortrait UIInterfaceOrientationLandscapeLeft UIInterfaceOrientationLandscapeRight";
				LD_RUNPATH_SEARCH_PATHS = (
					"$(inherited)",
					"@executable_path/Frameworks",
				);
				MARKETING_VERSION = 1.0;
				PRODUCT_BUNDLE_IDENTIFIER = com.medium.raralabs.SocialLoginSample;
				PRODUCT_NAME = "$(TARGET_NAME)";
				SWIFT_EMIT_LOC_STRINGS = YES;
				SWIFT_VERSION = 5.0;
				TARGETED_DEVICE_FAMILY = "1,2";
			};
			name = Debug;
		};
		D817B609283F143C00341AF0 /* Release */ = {
			isa = XCBuildConfiguration;
			baseConfigurationReference = 832AB07911D586EE7EC8C2CC /* Pods-SocialLoginSample.release.xcconfig */;
			buildSettings = {
				ASSETCATALOG_COMPILER_APPICON_NAME = AppIcon;
				ASSETCATALOG_COMPILER_GLOBAL_ACCENT_COLOR_NAME = AccentColor;
				CODE_SIGN_ENTITLEMENTS = SocialLoginSample/SocialLoginSample.entitlements;
				CODE_SIGN_STYLE = Automatic;
				CURRENT_PROJECT_VERSION = 1;
				DEVELOPMENT_TEAM = UBA9LZ8GVL;
				GENERATE_INFOPLIST_FILE = YES;
				INFOPLIST_FILE = SocialLoginSample/Info.plist;
				INFOPLIST_KEY_UIApplicationSupportsIndirectInputEvents = YES;
				INFOPLIST_KEY_UILaunchStoryboardName = LaunchScreen;
				INFOPLIST_KEY_UIMainStoryboardFile = Main;
				INFOPLIST_KEY_UISupportedInterfaceOrientations_iPad = "UIInterfaceOrientationPortrait UIInterfaceOrientationPortraitUpsideDown UIInterfaceOrientationLandscapeLeft UIInterfaceOrientationLandscapeRight";
				INFOPLIST_KEY_UISupportedInterfaceOrientations_iPhone = "UIInterfaceOrientationPortrait UIInterfaceOrientationLandscapeLeft UIInterfaceOrientationLandscapeRight";
				LD_RUNPATH_SEARCH_PATHS = (
					"$(inherited)",
					"@executable_path/Frameworks",
				);
				MARKETING_VERSION = 1.0;
				PRODUCT_BUNDLE_IDENTIFIER = com.medium.raralabs.SocialLoginSample;
				PRODUCT_NAME = "$(TARGET_NAME)";
				SWIFT_EMIT_LOC_STRINGS = YES;
				SWIFT_VERSION = 5.0;
				TARGETED_DEVICE_FAMILY = "1,2";
			};
			name = Release;
		};
/* End XCBuildConfiguration section */

/* Begin XCConfigurationList section */
		D817B5EE283F143B00341AF0 /* Build configuration list for PBXProject "SocialLoginSample" */ = {
			isa = XCConfigurationList;
			buildConfigurations = (
				D817B605283F143C00341AF0 /* Debug */,
				D817B606283F143C00341AF0 /* Release */,
			);
			defaultConfigurationIsVisible = 0;
			defaultConfigurationName = Release;
		};
		D817B607283F143C00341AF0 /* Build configuration list for PBXNativeTarget "SocialLoginSample" */ = {
			isa = XCConfigurationList;
			buildConfigurations = (
				D817B608283F143C00341AF0 /* Debug */,
				D817B609283F143C00341AF0 /* Release */,
			);
			defaultConfigurationIsVisible = 0;
			defaultConfigurationName = Release;
		};
/* End XCConfigurationList section */
	};
	rootObject = D817B5EB283F143B00341AF0 /* Project object */;
}
